
Microsoft Visual Studio Solution File, Format Version 12.00
# Visual Studio Version 17
VisualStudioVersion = 17.0.31903.59
MinimumVisualStudioVersion = 10.0.40219.1
Project("{FAE04EC0-301F-11D3-BF4B-00C04F79EFBC}") = "FitCoreAPI", "FitCoreAPI\FitCoreAPI.csproj", "{7620F6AA-A548-4284-8597-207B03F5F6C7}"
EndProject
Project("{FAE04EC0-301F-11D3-BF4B-00C04F79EFBC}") = "FitCoreDOMAIN", "FitCoreDOMAIN\FitCoreDOMAIN.csproj", "{A4500C28-E0FD-43F4-8CC3-43476BAF9506}"
EndProject
Project("{FAE04EC0-301F-11D3-BF4B-00C04F79EFBC}") = "FitCoreTESTFORM", "FitCoreTESTFORM\FitCoreTESTFORM.csproj", "{A22CD046-2A1B-487B-B2CE-2EA4A275C295}"
EndProject
Project("{FAE04EC0-301F-11D3-BF4B-00C04F79EFBC}") = "FitIn-FE", "FitIn-FE\FitIn-FE.csproj", "{E47BB5D8-2014-49DB-B197-AAFFD680A7FF}"
EndProject
Global
	GlobalSection(SolutionConfigurationPlatforms) = preSolution
		Debug|Any CPU = Debug|Any CPU
		Release|Any CPU = Release|Any CPU
	EndGlobalSection
	GlobalSection(SolutionProperties) = preSolution
		HideSolutionNode = FALSE
	EndGlobalSection
	GlobalSection(ProjectConfigurationPlatforms) = postSolution
		{7620F6AA-A548-4284-8597-207B03F5F6C7}.Debug|Any CPU.ActiveCfg = Debug|Any CPU
		{7620F6AA-A548-4284-8597-207B03F5F6C7}.Debug|Any CPU.Build.0 = Debug|Any CPU
		{7620F6AA-A548-4284-8597-207B03F5F6C7}.Release|Any CPU.ActiveCfg = Release|Any CPU
		{7620F6AA-A548-4284-8597-207B03F5F6C7}.Release|Any CPU.Build.0 = Release|Any CPU
		{A4500C28-E0FD-43F4-8CC3-43476BAF9506}.Debug|Any CPU.ActiveCfg = Debug|Any CPU
		{A4500C28-E0FD-43F4-8CC3-43476BAF9506}.Debug|Any CPU.Build.0 = Debug|Any CPU
		{A4500C28-E0FD-43F4-8CC3-43476BAF9506}.Release|Any CPU.ActiveCfg = Release|Any CPU
		{A4500C28-E0FD-43F4-8CC3-43476BAF9506}.Release|Any CPU.Build.0 = Release|Any CPU
		{A22CD046-2A1B-487B-B2CE-2EA4A275C295}.Debug|Any CPU.ActiveCfg = Debug|Any CPU
		{A22CD046-2A1B-487B-B2CE-2EA4A275C295}.Debug|Any CPU.Build.0 = Debug|Any CPU
		{A22CD046-2A1B-487B-B2CE-2EA4A275C295}.Release|Any CPU.ActiveCfg = Release|Any CPU
		{A22CD046-2A1B-487B-B2CE-2EA4A275C295}.Release|Any CPU.Build.0 = Release|Any CPU
		{E47BB5D8-2014-49DB-B197-AAFFD680A7FF}.Debug|Any CPU.ActiveCfg = Debug|Any CPU
		{E47BB5D8-2014-49DB-B197-AAFFD680A7FF}.Debug|Any CPU.Build.0 = Debug|Any CPU
		{E47BB5D8-2014-49DB-B197-AAFFD680A7FF}.Release|Any CPU.ActiveCfg = Release|Any CPU
		{E47BB5D8-2014-49DB-B197-AAFFD680A7FF}.Release|Any CPU.Build.0 = Release|Any CPU
	EndGlobalSection
EndGlobal
